
Microsoft Visual Studio Solution File, Format Version 12.00
# Visual Studio Version 17
VisualStudioVersion = 17.5.33530.505
MinimumVisualStudioVersion = 10.0.40219.1
Project("{FAE04EC0-301F-11D3-BF4B-00C04F79EFBC}") = "SenaiApi", "WebApplication1\SenaiApi.csproj", "{558ECD10-1EAD-4F26-A928-55B98A1D6B44}"
EndProject
Project("{FAE04EC0-301F-11D3-BF4B-00C04F79EFBC}") = "SenaiApi.Domen", "SenaiApiDomen\SenaiApi.Domen.csproj", "{D925E2FE-01CC-4F8D-9AF4-9A6A969253A3}"
EndProject
Project("{FAE04EC0-301F-11D3-BF4B-00C04F79EFBC}") = "SenaiApi.Service", "Service\SenaiApi.Service.csproj", "{F9494F06-8DAA-4D82-B2B2-D81D5D0D27DF}"
EndProject
Project("{FAE04EC0-301F-11D3-BF4B-00C04F79EFBC}") = "SenaiApi.Repository", "Repository\SenaiApi.Repository.csproj", "{C55FB3D0-FC64-4FC8-9ADF-C09B498F80E3}"
EndProject
Global
	GlobalSection(SolutionConfigurationPlatforms) = preSolution
		Debug|Any CPU = Debug|Any CPU
		Release|Any CPU = Release|Any CPU
	EndGlobalSection
	GlobalSection(ProjectConfigurationPlatforms) = postSolution
		{558ECD10-1EAD-4F26-A928-55B98A1D6B44}.Debug|Any CPU.ActiveCfg = Debug|Any CPU
		{558ECD10-1EAD-4F26-A928-55B98A1D6B44}.Debug|Any CPU.Build.0 = Debug|Any CPU
		{558ECD10-1EAD-4F26-A928-55B98A1D6B44}.Release|Any CPU.ActiveCfg = Release|Any CPU
		{558ECD10-1EAD-4F26-A928-55B98A1D6B44}.Release|Any CPU.Build.0 = Release|Any CPU
		{D925E2FE-01CC-4F8D-9AF4-9A6A969253A3}.Debug|Any CPU.ActiveCfg = Debug|Any CPU
		{D925E2FE-01CC-4F8D-9AF4-9A6A969253A3}.Debug|Any CPU.Build.0 = Debug|Any CPU
		{D925E2FE-01CC-4F8D-9AF4-9A6A969253A3}.Release|Any CPU.ActiveCfg = Release|Any CPU
		{D925E2FE-01CC-4F8D-9AF4-9A6A969253A3}.Release|Any CPU.Build.0 = Release|Any CPU
		{F9494F06-8DAA-4D82-B2B2-D81D5D0D27DF}.Debug|Any CPU.ActiveCfg = Debug|Any CPU
		{F9494F06-8DAA-4D82-B2B2-D81D5D0D27DF}.Debug|Any CPU.Build.0 = Debug|Any CPU
		{F9494F06-8DAA-4D82-B2B2-D81D5D0D27DF}.Release|Any CPU.ActiveCfg = Release|Any CPU
		{F9494F06-8DAA-4D82-B2B2-D81D5D0D27DF}.Release|Any CPU.Build.0 = Release|Any CPU
		{C55FB3D0-FC64-4FC8-9ADF-C09B498F80E3}.Debug|Any CPU.ActiveCfg = Debug|Any CPU
		{C55FB3D0-FC64-4FC8-9ADF-C09B498F80E3}.Debug|Any CPU.Build.0 = Debug|Any CPU
		{C55FB3D0-FC64-4FC8-9ADF-C09B498F80E3}.Release|Any CPU.ActiveCfg = Release|Any CPU
		{C55FB3D0-FC64-4FC8-9ADF-C09B498F80E3}.Release|Any CPU.Build.0 = Release|Any CPU
	EndGlobalSection
	GlobalSection(SolutionProperties) = preSolution
		HideSolutionNode = FALSE
	EndGlobalSection
	GlobalSection(ExtensibilityGlobals) = postSolution
		SolutionGuid = {C9B6CC9C-EE3B-40CB-BA73-E8024678E5FA}
	EndGlobalSection
EndGlobal
